
Microsoft Visual Studio Solution File, Format Version 12.00
# Visual Studio Version 17
VisualStudioVersion = 17.4.33205.214
MinimumVisualStudioVersion = 10.0.40219.1
Project("{9A19103F-16F7-4668-BE54-9A1E7A4F7556}") = "API", "API\API.csproj", "{7F890CF1-AA04-4B10-AA6C-53085ED4D254}"
EndProject
Project("{9A19103F-16F7-4668-BE54-9A1E7A4F7556}") = "Database", "Database\Database.csproj", "{880267A7-B623-4340-A83E-576553033060}"
EndProject
Project("{9A19103F-16F7-4668-BE54-9A1E7A4F7556}") = "Models", "Models\Models.csproj", "{CE4B3CC6-275A-4FB6-9AA7-9360199D921D}"
EndProject
Global
	GlobalSection(SolutionConfigurationPlatforms) = preSolution
		Debug|Any CPU = Debug|Any CPU
		Release|Any CPU = Release|Any CPU
	EndGlobalSection
	GlobalSection(ProjectConfigurationPlatforms) = postSolution
		{7F890CF1-AA04-4B10-AA6C-53085ED4D254}.Debug|Any CPU.ActiveCfg = Debug|Any CPU
		{7F890CF1-AA04-4B10-AA6C-53085ED4D254}.Debug|Any CPU.Build.0 = Debug|Any CPU
		{7F890CF1-AA04-4B10-AA6C-53085ED4D254}.Release|Any CPU.ActiveCfg = Release|Any CPU
		{7F890CF1-AA04-4B10-AA6C-53085ED4D254}.Release|Any CPU.Build.0 = Release|Any CPU
		{880267A7-B623-4340-A83E-576553033060}.Debug|Any CPU.ActiveCfg = Debug|Any CPU
		{880267A7-B623-4340-A83E-576553033060}.Debug|Any CPU.Build.0 = Debug|Any CPU
		{880267A7-B623-4340-A83E-576553033060}.Release|Any CPU.ActiveCfg = Release|Any CPU
		{880267A7-B623-4340-A83E-576553033060}.Release|Any CPU.Build.0 = Release|Any CPU
		{CE4B3CC6-275A-4FB6-9AA7-9360199D921D}.Debug|Any CPU.ActiveCfg = Debug|Any CPU
		{CE4B3CC6-275A-4FB6-9AA7-9360199D921D}.Debug|Any CPU.Build.0 = Debug|Any CPU
		{CE4B3CC6-275A-4FB6-9AA7-9360199D921D}.Release|Any CPU.ActiveCfg = Release|Any CPU
		{CE4B3CC6-275A-4FB6-9AA7-9360199D921D}.Release|Any CPU.Build.0 = Release|Any CPU
	EndGlobalSection
	GlobalSection(SolutionProperties) = preSolution
		HideSolutionNode = FALSE
	EndGlobalSection
	GlobalSection(ExtensibilityGlobals) = postSolution
		SolutionGuid = {43D1B236-AB94-4074-A171-C57FD8DF1B6E}
	EndGlobalSection
EndGlobal
